
Microsoft Visual Studio Solution File, Format Version 12.00
# Visual Studio Version 17
VisualStudioVersion = 17.11.35222.181
MinimumVisualStudioVersion = 10.0.40219.1
Project("{FAE04EC0-301F-11D3-BF4B-00C04F79EFBC}") = "registro", "registro\registro.csproj", "{33622FEB-B278-4781-8250-477892C5E1E0}"
EndProject
Project("{FAE04EC0-301F-11D3-BF4B-00C04F79EFBC}") = "ListaDeTareas", "ListaDeTareas\ListaDeTareas.csproj", "{96B994D3-273B-4385-8DCE-8D3658693E18}"
EndProject
Global
	GlobalSection(SolutionConfigurationPlatforms) = preSolution
		Debug|Any CPU = Debug|Any CPU
		Release|Any CPU = Release|Any CPU
	EndGlobalSection
	GlobalSection(ProjectConfigurationPlatforms) = postSolution
		{33622FEB-B278-4781-8250-477892C5E1E0}.Debug|Any CPU.ActiveCfg = Debug|Any CPU
		{33622FEB-B278-4781-8250-477892C5E1E0}.Debug|Any CPU.Build.0 = Debug|Any CPU
		{33622FEB-B278-4781-8250-477892C5E1E0}.Release|Any CPU.ActiveCfg = Release|Any CPU
		{33622FEB-B278-4781-8250-477892C5E1E0}.Release|Any CPU.Build.0 = Release|Any CPU
		{96B994D3-273B-4385-8DCE-8D3658693E18}.Debug|Any CPU.ActiveCfg = Debug|Any CPU
		{96B994D3-273B-4385-8DCE-8D3658693E18}.Debug|Any CPU.Build.0 = Debug|Any CPU
		{96B994D3-273B-4385-8DCE-8D3658693E18}.Release|Any CPU.ActiveCfg = Release|Any CPU
		{96B994D3-273B-4385-8DCE-8D3658693E18}.Release|Any CPU.Build.0 = Release|Any CPU
	EndGlobalSection
	GlobalSection(SolutionProperties) = preSolution
		HideSolutionNode = FALSE
	EndGlobalSection
	GlobalSection(ExtensibilityGlobals) = postSolution
		SolutionGuid = {ED23315A-98BC-4685-8C29-61B43D597EE4}
	EndGlobalSection
EndGlobal
